<?xml version="1.0" encoding="utf-8"?>
<Project ToolsVersion="4.0" xmlns="http://schemas.microsoft.com/developer/msbuild/2003">
  <ItemGroup>
    <Filter Include="Source Files">
      <UniqueIdentifier>{4FC737F1-C7A5-4376-A066-2A32D752A2FF}</UniqueIdentifier>
      <Extensions>cpp;c;cc;cxx;def;odl;idl;hpj;bat;asm;asmx</Extensions>
    </Filter>
    <Filter Include="Header Files">
      <UniqueIdentifier>{93995380-89BD-4b04-88EB-625FBE52EBFB}</UniqueIdentifier>
      <Extensions>h;hh;hpp;hxx;hm;inl;inc;ipp;xsd</Extensions>
    </Filter>
    <Filter Include="Resource Files">
      <UniqueIdentifier>{67DA6AB6-F800-4c08-8B7A-83BB121AAD01}</UniqueIdentifier>
      <Extensions>rc;ico;cur;bmp;dlg;rc2;rct;bin;rgs;gif;jpg;jpeg;jpe;resx;tiff;tif;png;wav;mfcribbon-ms</Extensions>
    </Filter>
  </ItemGroup>
  <ItemGroup>
    <ClInclude Include="src\core\Engine.h">
      <Filter>Header Files</Filter>
    </ClInclude>
    <ClInclude Include="src\world\BlockRegistry.h">
      <Filter>Header Files</Filter>
    </ClInclude>
    <ClInclude Include="src\world\util\Side.h">
      <Filter>Header Files</Filter>
    </ClInclude>
    <ClInclude Include="src\world\World.h">
      <Filter>Header Files</Filter>
    </ClInclude>
    <ClInclude Include="src\logic\event\ChunkEvents.h">
      <Filter>Header Files</Filter>
    </ClInclude>
    <ClInclude Include="src\world\detail\Block.h">
      <Filter>Header Files</Filter>
    </ClInclude>
    <ClInclude Include="src\world\detail\Chunk.h">
      <Filter>Header Files</Filter>
    </ClInclude>
    <ClInclude Include="src\world\detail\ChunkColumn.h">
      <Filter>Header Files</Filter>
    </ClInclude>
    <ClInclude Include="src\world\detail\data\BlockData.h">
      <Filter>Header Files</Filter>
    </ClInclude>
    <ClInclude Include="src\world\detail\data\ChunkData.h">
      <Filter>Header Files</Filter>
    </ClInclude>
    <ClInclude Include="src\world\detail\data\ChunkQuery.h">
      <Filter>Header Files</Filter>
    </ClInclude>
    <ClInclude Include="src\world\detail\data\Indexing.h">
      <Filter>Header Files</Filter>
    </ClInclude>
    <ClInclude Include="src\world\detail\data\WorldQuery.h">
      <Filter>Header Files</Filter>
    </ClInclude>
    <ClInclude Include="src\world\detail\Limits.h">
      <Filter>Header Files</Filter>
    </ClInclude>
    <ClInclude Include="src\world\detail\BlockLoader.h">
      <Filter>Header Files</Filter>
    </ClInclude>
    <ClInclude Include="src\render\world\BlockRenderRegistry.h">
      <Filter>Header Files</Filter>
    </ClInclude>
    <ClInclude Include="src\render\world\BlockRender.h">
      <Filter>Header Files</Filter>
    </ClInclude>
    <ClInclude Include="src\render\world\detail\data\BlockModel.h">
      <Filter>Header Files</Filter>
    </ClInclude>
    <ClInclude Include="src\render\world\detail\data\BlockTexture.h">
      <Filter>Header Files</Filter>
    </ClInclude>
    <ClInclude Include="src\render\world\detail\BlockRenderLoader.h">
      <Filter>Header Files</Filter>
    </ClInclude>
    <ClInclude Include="src\render\world\detail\BlockModelLoader.h">
      <Filter>Header Files</Filter>
    </ClInclude>
    <ClInclude Include="src\render\world\detail\BlockTextureLoader.h">
      <Filter>Header Files</Filter>
    </ClInclude>
    <ClInclude Include="src\world\detail\data\BlockRegion.h">
      <Filter>Header Files</Filter>
    </ClInclude>
    <ClInclude Include="src\render\world\BlockTextureAtlas.h">
      <Filter>Header Files</Filter>
    </ClInclude>
    <ClInclude Include="src\render\world\WorldRenderer.h">
      <Filter>Header Files</Filter>
    </ClInclude>
    <ClInclude Include="src\core\Settings.h">
      <Filter>Header Files</Filter>
    </ClInclude>
    <ClInclude Include="src\world\Universe.h">
      <Filter>Header Files</Filter>
    </ClInclude>
    <ClInclude Include="src\render\world\UniverseRenderer.h">
      <Filter>Header Files</Filter>
    </ClInclude>
    <ClInclude Include="src\logic\event\WorldEvents.h">
      <Filter>Header Files</Filter>
    </ClInclude>
    <ClInclude Include="src\logic\state\StateMainMenu.h">
      <Filter>Header Files</Filter>
    </ClInclude>
    <ClInclude Include="src\core\setup\Initializer.h">
      <Filter>Header Files</Filter>
    </ClInclude>
    <ClInclude Include="src\core\setup\SetupScripts.h">
      <Filter>Header Files</Filter>
    </ClInclude>
    <ClInclude Include="src\core\setup\SetupUbos.h">
      <Filter>Header Files</Filter>
    </ClInclude>
    <ClInclude Include="src\core\setup\SetupAssets.h">
      <Filter>Header Files</Filter>
    </ClInclude>
    <ClInclude Include="src\core\setup\SetupScene.h">
      <Filter>Header Files</Filter>
    </ClInclude>
    <ClInclude Include="src\logic\ecs\systems\SystemPhysical.h">
      <Filter>Header Files</Filter>
    </ClInclude>
    <ClInclude Include="src\logic\ecs\components\ComponentPhysical.h">
      <Filter>Header Files</Filter>
    </ClInclude>
    <ClInclude Include="src\logic\state\StateEditorWorld.h">
      <Filter>Header Files</Filter>
    </ClInclude>
    <ClInclude Include="src\world\util\Query.h">
      <Filter>Header Files</Filter>
    </ClInclude>
    <ClInclude Include="src\world\detail\ChunkStorage.h">
      <Filter>Header Files</Filter>
    </ClInclude>
    <ClInclude Include="src\world\detail\data\LightPropagation.h">
      <Filter>Header Files</Filter>
    </ClInclude>
  </ItemGroup>
  <ItemGroup>
    <ClCompile Include="src\core\Engine.cpp">
      <Filter>Source Files</Filter>
    </ClCompile>
    <ClCompile Include="src\world\BlockRegistry.cpp">
      <Filter>Source Files</Filter>
    </ClCompile>
    <ClCompile Include="src\world\World.cpp">
      <Filter>Source Files</Filter>
    </ClCompile>
    <ClCompile Include="src\world\detail\Chunk.cpp">
      <Filter>Source Files</Filter>
    </ClCompile>
    <ClCompile Include="src\world\detail\ChunkColumn.cpp">
      <Filter>Source Files</Filter>
    </ClCompile>
    <ClCompile Include="src\world\detail\data\BlockData.cpp">
      <Filter>Source Files</Filter>
    </ClCompile>
    <ClCompile Include="src\world\detail\data\ChunkData.cpp">
      <Filter>Source Files</Filter>
    </ClCompile>
    <ClCompile Include="src\world\detail\data\ChunkQuery.cpp">
      <Filter>Source Files</Filter>
    </ClCompile>
    <ClCompile Include="src\world\detail\data\WorldQuery.cpp">
      <Filter>Source Files</Filter>
    </ClCompile>
    <ClCompile Include="src\world\detail\BlockLoader.cpp">
      <Filter>Source Files</Filter>
    </ClCompile>
    <ClCompile Include="src\render\world\BlockRenderRegistry.cpp">
      <Filter>Source Files</Filter>
    </ClCompile>
    <ClCompile Include="src\render\world\detail\BlockRenderLoader.cpp">
      <Filter>Source Files</Filter>
    </ClCompile>
    <ClCompile Include="src\world\util\Side.cpp">
      <Filter>Source Files</Filter>
    </ClCompile>
    <ClCompile Include="src\render\world\detail\BlockModelLoader.cpp">
      <Filter>Source Files</Filter>
    </ClCompile>
    <ClCompile Include="src\render\world\detail\BlockTextureLoader.cpp">
      <Filter>Source Files</Filter>
    </ClCompile>
    <ClCompile Include="src\world\detail\data\BlockRegion.cpp">
      <Filter>Source Files</Filter>
    </ClCompile>
    <ClCompile Include="src\render\world\BlockTextureAtlas.cpp">
      <Filter>Source Files</Filter>
    </ClCompile>
    <ClCompile Include="src\render\world\WorldRenderer.cpp">
      <Filter>Source Files</Filter>
    </ClCompile>
    <ClCompile Include="src\render\world\UniverseRenderer.cpp">
      <Filter>Source Files</Filter>
    </ClCompile>
    <ClCompile Include="src\world\Universe.cpp">
      <Filter>Source Files</Filter>
    </ClCompile>
    <ClCompile Include="src\logic\state\StateMainMenu.cpp">
      <Filter>Source Files</Filter>
    </ClCompile>
    <ClCompile Include="src\core\setup\Initializer.cpp">
      <Filter>Source Files</Filter>
    </ClCompile>
    <ClCompile Include="src\core\setup\SetupScripts.cpp">
      <Filter>Source Files</Filter>
    </ClCompile>
    <ClCompile Include="src\core\setup\SetupUbos.cpp">
      <Filter>Source Files</Filter>
    </ClCompile>
    <ClCompile Include="src\core\setup\SetupAssets.cpp">
      <Filter>Source Files</Filter>
    </ClCompile>
    <ClCompile Include="src\core\setup\SetupScene.cpp">
      <Filter>Source Files</Filter>
    </ClCompile>
    <ClCompile Include="src\logic\ecs\systems\SystemPhysical.cpp">
      <Filter>Source Files</Filter>
    </ClCompile>
    <ClCompile Include="src\logic\state\StateEditorWorld.cpp">
      <Filter>Source Files</Filter>
    </ClCompile>
    <ClCompile Include="src\world\util\Query.cpp">
      <Filter>Source Files</Filter>
    </ClCompile>
    <ClCompile Include="src\world\detail\ChunkStorage.cpp">
      <Filter>Source Files</Filter>
    </ClCompile>
    <ClCompile Include="src\world\detail\data\LightPropagation.cpp">
      <Filter>Source Files</Filter>
    </ClCompile>
  </ItemGroup>
  <ItemGroup>
    <None Include="packages.config" />
  </ItemGroup>
</Project>